
Microsoft Visual Studio Solution File, Format Version 12.00
# Visual Studio Version 17
VisualStudioVersion = 17.9.34407.89
MinimumVisualStudioVersion = 10.0.40219.1
Project("{9A19103F-16F7-4668-BE54-9A1E7A4F7556}") = "SourceGeneration.ActionDispatcher.SourceGenerator", "SourceGeneration.ActionDispatcher.SourceGenerator\SourceGeneration.ActionDispatcher.SourceGenerator.csproj", "{B6247284-DF57-4587-88BB-C1C2281E3057}"
EndProject
Project("{9A19103F-16F7-4668-BE54-9A1E7A4F7556}") = "SourceGeneration.ActionDispatcher", "SourceGeneration.ActionDispatcher\SourceGeneration.ActionDispatcher.csproj", "{797C7F56-B7C5-4D49-8E97-94963F98EA03}"
EndProject
Project("{9A19103F-16F7-4668-BE54-9A1E7A4F7556}") = "SourceGeneration.ActionDispatcher.Sample", "SourceGeneration.ActionDispatcher.Sample\SourceGeneration.ActionDispatcher.Sample.csproj", "{5365025B-E241-44B7-ADEF-CBE2821E7936}"
EndProject
Global
	GlobalSection(SolutionConfigurationPlatforms) = preSolution
		Debug|Any CPU = Debug|Any CPU
		Release|Any CPU = Release|Any CPU
	EndGlobalSection
	GlobalSection(ProjectConfigurationPlatforms) = postSolution
		{B6247284-DF57-4587-88BB-C1C2281E3057}.Debug|Any CPU.ActiveCfg = Debug|Any CPU
		{B6247284-DF57-4587-88BB-C1C2281E3057}.Debug|Any CPU.Build.0 = Debug|Any CPU
		{B6247284-DF57-4587-88BB-C1C2281E3057}.Release|Any CPU.ActiveCfg = Release|Any CPU
		{B6247284-DF57-4587-88BB-C1C2281E3057}.Release|Any CPU.Build.0 = Release|Any CPU
		{797C7F56-B7C5-4D49-8E97-94963F98EA03}.Debug|Any CPU.ActiveCfg = Debug|Any CPU
		{797C7F56-B7C5-4D49-8E97-94963F98EA03}.Debug|Any CPU.Build.0 = Debug|Any CPU
		{797C7F56-B7C5-4D49-8E97-94963F98EA03}.Release|Any CPU.ActiveCfg = Release|Any CPU
		{797C7F56-B7C5-4D49-8E97-94963F98EA03}.Release|Any CPU.Build.0 = Release|Any CPU
		{5365025B-E241-44B7-ADEF-CBE2821E7936}.Debug|Any CPU.ActiveCfg = Debug|Any CPU
		{5365025B-E241-44B7-ADEF-CBE2821E7936}.Debug|Any CPU.Build.0 = Debug|Any CPU
		{5365025B-E241-44B7-ADEF-CBE2821E7936}.Release|Any CPU.ActiveCfg = Release|Any CPU
		{5365025B-E241-44B7-ADEF-CBE2821E7936}.Release|Any CPU.Build.0 = Release|Any CPU
	EndGlobalSection
	GlobalSection(SolutionProperties) = preSolution
		HideSolutionNode = FALSE
	EndGlobalSection
	GlobalSection(ExtensibilityGlobals) = postSolution
		SolutionGuid = {7DEAA709-45AD-4561-9EE3-D903C9E0BF7E}
	EndGlobalSection
EndGlobal
